
Microsoft Visual Studio Solution File, Format Version 12.00
# Visual Studio Version 17
VisualStudioVersion = 17.0.31903.59
MinimumVisualStudioVersion = 10.0.40219.1
Project("{FAE04EC0-301F-11D3-BF4B-00C04F79EFBC}") = "CorpComm.Domain", "CorpComm.Domain\CorpComm.Domain.csproj", "{45572816-BD0A-42BB-BA96-50C1C7A95BD1}"
EndProject
Project("{FAE04EC0-301F-11D3-BF4B-00C04F79EFBC}") = "CorpComm.Application", "CorpComm.Application\CorpComm.Application.csproj", "{A6AB056A-E2DD-4781-A31D-E5C24D7D1FCB}"
EndProject
Project("{FAE04EC0-301F-11D3-BF4B-00C04F79EFBC}") = "CorpComm.Infrastructure", "CorpComm.Infrastructure\CorpComm.Infrastructure.csproj", "{74FD8678-B92A-47F9-9358-0558304F4DE5}"
EndProject
Project("{FAE04EC0-301F-11D3-BF4B-00C04F79EFBC}") = "CorpComm.WebAPI", "CorpComm.WebAPI\CorpComm.WebAPI.csproj", "{8C554EE3-A96A-4338-8212-67E96B302C21}"
EndProject
Global
	GlobalSection(SolutionConfigurationPlatforms) = preSolution
		Debug|Any CPU = Debug|Any CPU
		Debug|x64 = Debug|x64
		Debug|x86 = Debug|x86
		Release|Any CPU = Release|Any CPU
		Release|x64 = Release|x64
		Release|x86 = Release|x86
	EndGlobalSection
	GlobalSection(ProjectConfigurationPlatforms) = postSolution
		{45572816-BD0A-42BB-BA96-50C1C7A95BD1}.Debug|Any CPU.ActiveCfg = Debug|Any CPU
		{45572816-BD0A-42BB-BA96-50C1C7A95BD1}.Debug|Any CPU.Build.0 = Debug|Any CPU
		{45572816-BD0A-42BB-BA96-50C1C7A95BD1}.Debug|x64.ActiveCfg = Debug|Any CPU
		{45572816-BD0A-42BB-BA96-50C1C7A95BD1}.Debug|x64.Build.0 = Debug|Any CPU
		{45572816-BD0A-42BB-BA96-50C1C7A95BD1}.Debug|x86.ActiveCfg = Debug|Any CPU
		{45572816-BD0A-42BB-BA96-50C1C7A95BD1}.Debug|x86.Build.0 = Debug|Any CPU
		{45572816-BD0A-42BB-BA96-50C1C7A95BD1}.Release|Any CPU.ActiveCfg = Release|Any CPU
		{45572816-BD0A-42BB-BA96-50C1C7A95BD1}.Release|Any CPU.Build.0 = Release|Any CPU
		{45572816-BD0A-42BB-BA96-50C1C7A95BD1}.Release|x64.ActiveCfg = Release|Any CPU
		{45572816-BD0A-42BB-BA96-50C1C7A95BD1}.Release|x64.Build.0 = Release|Any CPU
		{45572816-BD0A-42BB-BA96-50C1C7A95BD1}.Release|x86.ActiveCfg = Release|Any CPU
		{45572816-BD0A-42BB-BA96-50C1C7A95BD1}.Release|x86.Build.0 = Release|Any CPU
		{A6AB056A-E2DD-4781-A31D-E5C24D7D1FCB}.Debug|Any CPU.ActiveCfg = Debug|Any CPU
		{A6AB056A-E2DD-4781-A31D-E5C24D7D1FCB}.Debug|Any CPU.Build.0 = Debug|Any CPU
		{A6AB056A-E2DD-4781-A31D-E5C24D7D1FCB}.Debug|x64.ActiveCfg = Debug|Any CPU
		{A6AB056A-E2DD-4781-A31D-E5C24D7D1FCB}.Debug|x64.Build.0 = Debug|Any CPU
		{A6AB056A-E2DD-4781-A31D-E5C24D7D1FCB}.Debug|x86.ActiveCfg = Debug|Any CPU
		{A6AB056A-E2DD-4781-A31D-E5C24D7D1FCB}.Debug|x86.Build.0 = Debug|Any CPU
		{A6AB056A-E2DD-4781-A31D-E5C24D7D1FCB}.Release|Any CPU.ActiveCfg = Release|Any CPU
		{A6AB056A-E2DD-4781-A31D-E5C24D7D1FCB}.Release|Any CPU.Build.0 = Release|Any CPU
		{A6AB056A-E2DD-4781-A31D-E5C24D7D1FCB}.Release|x64.ActiveCfg = Release|Any CPU
		{A6AB056A-E2DD-4781-A31D-E5C24D7D1FCB}.Release|x64.Build.0 = Release|Any CPU
		{A6AB056A-E2DD-4781-A31D-E5C24D7D1FCB}.Release|x86.ActiveCfg = Release|Any CPU
		{A6AB056A-E2DD-4781-A31D-E5C24D7D1FCB}.Release|x86.Build.0 = Release|Any CPU
		{74FD8678-B92A-47F9-9358-0558304F4DE5}.Debug|Any CPU.ActiveCfg = Debug|Any CPU
		{74FD8678-B92A-47F9-9358-0558304F4DE5}.Debug|Any CPU.Build.0 = Debug|Any CPU
		{74FD8678-B92A-47F9-9358-0558304F4DE5}.Debug|x64.ActiveCfg = Debug|Any CPU
		{74FD8678-B92A-47F9-9358-0558304F4DE5}.Debug|x64.Build.0 = Debug|Any CPU
		{74FD8678-B92A-47F9-9358-0558304F4DE5}.Debug|x86.ActiveCfg = Debug|Any CPU
		{74FD8678-B92A-47F9-9358-0558304F4DE5}.Debug|x86.Build.0 = Debug|Any CPU
		{74FD8678-B92A-47F9-9358-0558304F4DE5}.Release|Any CPU.ActiveCfg = Release|Any CPU
		{74FD8678-B92A-47F9-9358-0558304F4DE5}.Release|Any CPU.Build.0 = Release|Any CPU
		{74FD8678-B92A-47F9-9358-0558304F4DE5}.Release|x64.ActiveCfg = Release|Any CPU
		{74FD8678-B92A-47F9-9358-0558304F4DE5}.Release|x64.Build.0 = Release|Any CPU
		{74FD8678-B92A-47F9-9358-0558304F4DE5}.Release|x86.ActiveCfg = Release|Any CPU
		{74FD8678-B92A-47F9-9358-0558304F4DE5}.Release|x86.Build.0 = Release|Any CPU
		{8C554EE3-A96A-4338-8212-67E96B302C21}.Debug|Any CPU.ActiveCfg = Debug|Any CPU
		{8C554EE3-A96A-4338-8212-67E96B302C21}.Debug|Any CPU.Build.0 = Debug|Any CPU
		{8C554EE3-A96A-4338-8212-67E96B302C21}.Debug|x64.ActiveCfg = Debug|Any CPU
		{8C554EE3-A96A-4338-8212-67E96B302C21}.Debug|x64.Build.0 = Debug|Any CPU
		{8C554EE3-A96A-4338-8212-67E96B302C21}.Debug|x86.ActiveCfg = Debug|Any CPU
		{8C554EE3-A96A-4338-8212-67E96B302C21}.Debug|x86.Build.0 = Debug|Any CPU
		{8C554EE3-A96A-4338-8212-67E96B302C21}.Release|Any CPU.ActiveCfg = Release|Any CPU
		{8C554EE3-A96A-4338-8212-67E96B302C21}.Release|Any CPU.Build.0 = Release|Any CPU
		{8C554EE3-A96A-4338-8212-67E96B302C21}.Release|x64.ActiveCfg = Release|Any CPU
		{8C554EE3-A96A-4338-8212-67E96B302C21}.Release|x64.Build.0 = Release|Any CPU
		{8C554EE3-A96A-4338-8212-67E96B302C21}.Release|x86.ActiveCfg = Release|Any CPU
		{8C554EE3-A96A-4338-8212-67E96B302C21}.Release|x86.Build.0 = Release|Any CPU
	EndGlobalSection
	GlobalSection(SolutionProperties) = preSolution
		HideSolutionNode = FALSE
	EndGlobalSection
EndGlobal
